// !$*UTF8*$!
{
	archiveVersion = 1;
	classes = {
	};
	objectVersion = 56;
	objects = {

/* Begin PBXBuildFile section */
		090DA49C2A8211C500BF7338 /* Checker.swift in Sources */ = {isa = PBXBuildFile; fileRef = 090DA49B2A8211C500BF7338 /* Checker.swift */; };
		090DA49E2A821DE300BF7338 /* LoginInspector.swift in Sources */ = {isa = PBXBuildFile; fileRef = 090DA49D2A821DE300BF7338 /* LoginInspector.swift */; };
		090DA4A02A822F5B00BF7338 /* LoginFactory.swift in Sources */ = {isa = PBXBuildFile; fileRef = 090DA49F2A822F5B00BF7338 /* LoginFactory.swift */; };
		095BF86F2A8F83BA00CBD6B1 /* FeedViewModel.swift in Sources */ = {isa = PBXBuildFile; fileRef = 095BF86E2A8F83BA00CBD6B1 /* FeedViewModel.swift */; };
		095BF8742A908B1A00CBD6B1 /* CustomTextField.swift in Sources */ = {isa = PBXBuildFile; fileRef = 095BF8732A908B1A00CBD6B1 /* CustomTextField.swift */; };
		095BF8822A920BC500CBD6B1 /* FeedView.swift in Sources */ = {isa = PBXBuildFile; fileRef = 095BF8812A920BC500CBD6B1 /* FeedView.swift */; };
		096179682A8CC91C002F106E /* iOSIntPackage in Frameworks */ = {isa = PBXBuildFile; productRef = 096179672A8CC91C002F106E /* iOSIntPackage */; };
		0961796A2A8DDF8A002F106E /* CustomButton.swift in Sources */ = {isa = PBXBuildFile; fileRef = 096179692A8DDF8A002F106E /* CustomButton.swift */; };
		09AA931B2A6BE8A1005896DB /* News.swift in Sources */ = {isa = PBXBuildFile; fileRef = 09AA931A2A6BE8A1005896DB /* News.swift */; };
		09AA93572A6BEA25005896DB /* StorageService.docc in Sources */ = {isa = PBXBuildFile; fileRef = 09AA93562A6BEA25005896DB /* StorageService.docc */; };
		09AA935D2A6BEA25005896DB /* StorageService.framework in Frameworks */ = {isa = PBXBuildFile; fileRef = 09AA93532A6BEA25005896DB /* StorageService.framework */; };
		09AA93642A6BEA26005896DB /* StorageServiceTests.swift in Sources */ = {isa = PBXBuildFile; fileRef = 09AA93632A6BEA26005896DB /* StorageServiceTests.swift */; };
		09AA93652A6BEA26005896DB /* StorageService.h in Headers */ = {isa = PBXBuildFile; fileRef = 09AA93552A6BEA25005896DB /* StorageService.h */; settings = {ATTRIBUTES = (Public, ); }; };
		09AA93682A6BEA26005896DB /* StorageService.framework in Frameworks */ = {isa = PBXBuildFile; fileRef = 09AA93532A6BEA25005896DB /* StorageService.framework */; };
		09AA93692A6BEA26005896DB /* StorageService.framework in Embed Frameworks */ = {isa = PBXBuildFile; fileRef = 09AA93532A6BEA25005896DB /* StorageService.framework */; settings = {ATTRIBUTES = (CodeSignOnCopy, RemoveHeadersOnCopy, ); }; };
		09AA93702A6BEA37005896DB /* Post.swift in Sources */ = {isa = PBXBuildFile; fileRef = 09B361D02A342982005979C8 /* Post.swift */; };
		09B361B62A336E8A005979C8 /* AppDelegate.swift in Sources */ = {isa = PBXBuildFile; fileRef = 09B361B52A336E8A005979C8 /* AppDelegate.swift */; };
		09B361B82A336E8A005979C8 /* SceneDelegate.swift in Sources */ = {isa = PBXBuildFile; fileRef = 09B361B72A336E8A005979C8 /* SceneDelegate.swift */; };
		09B361BF2A336E8B005979C8 /* Assets.xcassets in Resources */ = {isa = PBXBuildFile; fileRef = 09B361BE2A336E8B005979C8 /* Assets.xcassets */; };
		09B361C22A336E8B005979C8 /* LaunchScreen.storyboard in Resources */ = {isa = PBXBuildFile; fileRef = 09B361C02A336E8B005979C8 /* LaunchScreen.storyboard */; };
		09B361CA2A337411005979C8 /* FeedViewController.swift in Sources */ = {isa = PBXBuildFile; fileRef = 09B361C92A337411005979C8 /* FeedViewController.swift */; };
		09B361CD2A337445005979C8 /* ProfileViewController.swift in Sources */ = {isa = PBXBuildFile; fileRef = 09B361CC2A337445005979C8 /* ProfileViewController.swift */; };
		09B361CF2A341C7A005979C8 /* PostViewController.swift in Sources */ = {isa = PBXBuildFile; fileRef = 09B361CE2A341C7A005979C8 /* PostViewController.swift */; };
		09B361D32A3433D2005979C8 /* InfoViewController.swift in Sources */ = {isa = PBXBuildFile; fileRef = 09B361D22A3433D2005979C8 /* InfoViewController.swift */; };
		09C2B77B2A8DF92500120A82 /* FeedModel.swift in Sources */ = {isa = PBXBuildFile; fileRef = 09C2B77A2A8DF92500120A82 /* FeedModel.swift */; };
		09D6C0642A4C854A003C6DFB /* PhotoGallery.swift in Sources */ = {isa = PBXBuildFile; fileRef = 09D6C0632A4C854A003C6DFB /* PhotoGallery.swift */; };
		09D6C0712A51E103003C6DFB /* PhotosTableViewCell.swift in Sources */ = {isa = PBXBuildFile; fileRef = 09D6C0702A51E103003C6DFB /* PhotosTableViewCell.swift */; };
		09D6C0732A52A153003C6DFB /* FirstFourPhotosCell.swift in Sources */ = {isa = PBXBuildFile; fileRef = 09D6C0722A52A153003C6DFB /* FirstFourPhotosCell.swift */; };
		09D6C0782A52CA17003C6DFB /* Reusable.swift in Sources */ = {isa = PBXBuildFile; fileRef = 09D6C0772A52CA17003C6DFB /* Reusable.swift */; };
		09D6C07A2A530145003C6DFB /* PhotosViewController.swift in Sources */ = {isa = PBXBuildFile; fileRef = 09D6C0792A530145003C6DFB /* PhotosViewController.swift */; };
		09D6C07C2A5303F7003C6DFB /* PhotosCollectionViewCell.swift in Sources */ = {isa = PBXBuildFile; fileRef = 09D6C07B2A5303F7003C6DFB /* PhotosCollectionViewCell.swift */; };
		09E677422A45EF8000A36ED1 /* LogInViewController.swift in Sources */ = {isa = PBXBuildFile; fileRef = 09E677412A45EF8000A36ED1 /* LogInViewController.swift */; };
		09E6774C2A499AD400A36ED1 /* PostTableViewCell.swift in Sources */ = {isa = PBXBuildFile; fileRef = 09E6774B2A499AD400A36ED1 /* PostTableViewCell.swift */; };
		09E98EB22A3852D000DE6940 /* ProfileTableHeaderView.swift in Sources */ = {isa = PBXBuildFile; fileRef = 09E98EB12A3852D000DE6940 /* ProfileTableHeaderView.swift */; };
		09F402702A7C8F4F009DCD7F /* User.swift in Sources */ = {isa = PBXBuildFile; fileRef = 09F4026F2A7C8F4F009DCD7F /* User.swift */; };
		09F402722A7CBC3A009DCD7F /* TestUser.swift in Sources */ = {isa = PBXBuildFile; fileRef = 09F402712A7CBC3A009DCD7F /* TestUser.swift */; };
/* End PBXBuildFile section */

/* Begin PBXContainerItemProxy section */
		09AA935E2A6BEA25005896DB /* PBXContainerItemProxy */ = {
			isa = PBXContainerItemProxy;
			containerPortal = 09B361AA2A336E8A005979C8 /* Project object */;
			proxyType = 1;
			remoteGlobalIDString = 09AA93522A6BEA25005896DB;
			remoteInfo = StorageService;
		};
		09AA93602A6BEA26005896DB /* PBXContainerItemProxy */ = {
			isa = PBXContainerItemProxy;
			containerPortal = 09B361AA2A336E8A005979C8 /* Project object */;
			proxyType = 1;
			remoteGlobalIDString = 09B361B12A336E8A005979C8;
			remoteInfo = Navigation;
		};
		09AA93662A6BEA26005896DB /* PBXContainerItemProxy */ = {
			isa = PBXContainerItemProxy;
			containerPortal = 09B361AA2A336E8A005979C8 /* Project object */;
			proxyType = 1;
			remoteGlobalIDString = 09AA93522A6BEA25005896DB;
			remoteInfo = StorageService;
		};
/* End PBXContainerItemProxy section */

/* Begin PBXCopyFilesBuildPhase section */
		09AA93112A6BE7E9005896DB /* Embed Frameworks */ = {
			isa = PBXCopyFilesBuildPhase;
			buildActionMask = 2147483647;
			dstPath = "";
			dstSubfolderSpec = 10;
			files = (
				09AA93692A6BEA26005896DB /* StorageService.framework in Embed Frameworks */,
			);
			name = "Embed Frameworks";
			runOnlyForDeploymentPostprocessing = 0;
		};
/* End PBXCopyFilesBuildPhase section */

/* Begin PBXFileReference section */
		090DA49B2A8211C500BF7338 /* Checker.swift */ = {isa = PBXFileReference; lastKnownFileType = sourcecode.swift; path = Checker.swift; sourceTree = "<group>"; };
		090DA49D2A821DE300BF7338 /* LoginInspector.swift */ = {isa = PBXFileReference; lastKnownFileType = sourcecode.swift; path = LoginInspector.swift; sourceTree = "<group>"; };
		090DA49F2A822F5B00BF7338 /* LoginFactory.swift */ = {isa = PBXFileReference; lastKnownFileType = sourcecode.swift; path = LoginFactory.swift; sourceTree = "<group>"; };
		095BF86E2A8F83BA00CBD6B1 /* FeedViewModel.swift */ = {isa = PBXFileReference; lastKnownFileType = sourcecode.swift; path = FeedViewModel.swift; sourceTree = "<group>"; };
		095BF8732A908B1A00CBD6B1 /* CustomTextField.swift */ = {isa = PBXFileReference; lastKnownFileType = sourcecode.swift; path = CustomTextField.swift; sourceTree = "<group>"; };
		095BF8812A920BC500CBD6B1 /* FeedView.swift */ = {isa = PBXFileReference; lastKnownFileType = sourcecode.swift; path = FeedView.swift; sourceTree = "<group>"; };
		096179692A8DDF8A002F106E /* CustomButton.swift */ = {isa = PBXFileReference; lastKnownFileType = sourcecode.swift; path = CustomButton.swift; sourceTree = "<group>"; };
		09AA931A2A6BE8A1005896DB /* News.swift */ = {isa = PBXFileReference; lastKnownFileType = sourcecode.swift; path = News.swift; sourceTree = "<group>"; };
		09AA93532A6BEA25005896DB /* StorageService.framework */ = {isa = PBXFileReference; explicitFileType = wrapper.framework; includeInIndex = 0; path = StorageService.framework; sourceTree = BUILT_PRODUCTS_DIR; };
		09AA93552A6BEA25005896DB /* StorageService.h */ = {isa = PBXFileReference; lastKnownFileType = sourcecode.c.h; path = StorageService.h; sourceTree = "<group>"; };
		09AA93562A6BEA25005896DB /* StorageService.docc */ = {isa = PBXFileReference; lastKnownFileType = folder.documentationcatalog; path = StorageService.docc; sourceTree = "<group>"; };
		09AA935C2A6BEA25005896DB /* StorageServiceTests.xctest */ = {isa = PBXFileReference; explicitFileType = wrapper.cfbundle; includeInIndex = 0; path = StorageServiceTests.xctest; sourceTree = BUILT_PRODUCTS_DIR; };
		09AA93632A6BEA26005896DB /* StorageServiceTests.swift */ = {isa = PBXFileReference; lastKnownFileType = sourcecode.swift; path = StorageServiceTests.swift; sourceTree = "<group>"; };
		09B361B22A336E8A005979C8 /* Navigation.app */ = {isa = PBXFileReference; explicitFileType = wrapper.application; includeInIndex = 0; path = Navigation.app; sourceTree = BUILT_PRODUCTS_DIR; };
		09B361B52A336E8A005979C8 /* AppDelegate.swift */ = {isa = PBXFileReference; lastKnownFileType = sourcecode.swift; path = AppDelegate.swift; sourceTree = "<group>"; };
		09B361B72A336E8A005979C8 /* SceneDelegate.swift */ = {isa = PBXFileReference; lastKnownFileType = sourcecode.swift; path = SceneDelegate.swift; sourceTree = "<group>"; };
		09B361BE2A336E8B005979C8 /* Assets.xcassets */ = {isa = PBXFileReference; lastKnownFileType = folder.assetcatalog; path = Assets.xcassets; sourceTree = "<group>"; };
		09B361C12A336E8B005979C8 /* Base */ = {isa = PBXFileReference; lastKnownFileType = file.storyboard; name = Base; path = Base.lproj/LaunchScreen.storyboard; sourceTree = "<group>"; };
		09B361C32A336E8B005979C8 /* Info.plist */ = {isa = PBXFileReference; lastKnownFileType = text.plist.xml; path = Info.plist; sourceTree = "<group>"; };
		09B361C92A337411005979C8 /* FeedViewController.swift */ = {isa = PBXFileReference; lastKnownFileType = sourcecode.swift; path = FeedViewController.swift; sourceTree = "<group>"; };
		09B361CC2A337445005979C8 /* ProfileViewController.swift */ = {isa = PBXFileReference; lastKnownFileType = sourcecode.swift; path = ProfileViewController.swift; sourceTree = "<group>"; };
		09B361CE2A341C7A005979C8 /* PostViewController.swift */ = {isa = PBXFileReference; lastKnownFileType = sourcecode.swift; path = PostViewController.swift; sourceTree = "<group>"; };
		09B361D02A342982005979C8 /* Post.swift */ = {isa = PBXFileReference; lastKnownFileType = sourcecode.swift; path = Post.swift; sourceTree = "<group>"; };
		09B361D22A3433D2005979C8 /* InfoViewController.swift */ = {isa = PBXFileReference; lastKnownFileType = sourcecode.swift; path = InfoViewController.swift; sourceTree = "<group>"; };
		09C2B77A2A8DF92500120A82 /* FeedModel.swift */ = {isa = PBXFileReference; lastKnownFileType = sourcecode.swift; path = FeedModel.swift; sourceTree = "<group>"; };
		09D6C0632A4C854A003C6DFB /* PhotoGallery.swift */ = {isa = PBXFileReference; lastKnownFileType = sourcecode.swift; path = PhotoGallery.swift; sourceTree = "<group>"; };
		09D6C0702A51E103003C6DFB /* PhotosTableViewCell.swift */ = {isa = PBXFileReference; lastKnownFileType = sourcecode.swift; path = PhotosTableViewCell.swift; sourceTree = "<group>"; };
		09D6C0722A52A153003C6DFB /* FirstFourPhotosCell.swift */ = {isa = PBXFileReference; lastKnownFileType = sourcecode.swift; path = FirstFourPhotosCell.swift; sourceTree = "<group>"; };
		09D6C0772A52CA17003C6DFB /* Reusable.swift */ = {isa = PBXFileReference; lastKnownFileType = sourcecode.swift; path = Reusable.swift; sourceTree = "<group>"; };
		09D6C0792A530145003C6DFB /* PhotosViewController.swift */ = {isa = PBXFileReference; lastKnownFileType = sourcecode.swift; path = PhotosViewController.swift; sourceTree = "<group>"; };
		09D6C07B2A5303F7003C6DFB /* PhotosCollectionViewCell.swift */ = {isa = PBXFileReference; lastKnownFileType = sourcecode.swift; path = PhotosCollectionViewCell.swift; sourceTree = "<group>"; };
		09E677412A45EF8000A36ED1 /* LogInViewController.swift */ = {isa = PBXFileReference; lastKnownFileType = sourcecode.swift; path = LogInViewController.swift; sourceTree = "<group>"; };
		09E6774B2A499AD400A36ED1 /* PostTableViewCell.swift */ = {isa = PBXFileReference; lastKnownFileType = sourcecode.swift; path = PostTableViewCell.swift; sourceTree = "<group>"; };
		09E98EB12A3852D000DE6940 /* ProfileTableHeaderView.swift */ = {isa = PBXFileReference; lastKnownFileType = sourcecode.swift; path = ProfileTableHeaderView.swift; sourceTree = "<group>"; };
		09F4026F2A7C8F4F009DCD7F /* User.swift */ = {isa = PBXFileReference; lastKnownFileType = sourcecode.swift; path = User.swift; sourceTree = "<group>"; };
		09F402712A7CBC3A009DCD7F /* TestUser.swift */ = {isa = PBXFileReference; lastKnownFileType = sourcecode.swift; path = TestUser.swift; sourceTree = "<group>"; };
/* End PBXFileReference section */

/* Begin PBXFrameworksBuildPhase section */
		09AA93502A6BEA25005896DB /* Frameworks */ = {
			isa = PBXFrameworksBuildPhase;
			buildActionMask = 2147483647;
			files = (
			);
			runOnlyForDeploymentPostprocessing = 0;
		};
		09AA93592A6BEA25005896DB /* Frameworks */ = {
			isa = PBXFrameworksBuildPhase;
			buildActionMask = 2147483647;
			files = (
				09AA935D2A6BEA25005896DB /* StorageService.framework in Frameworks */,
			);
			runOnlyForDeploymentPostprocessing = 0;
		};
		09B361AF2A336E8A005979C8 /* Frameworks */ = {
			isa = PBXFrameworksBuildPhase;
			buildActionMask = 2147483647;
			files = (
				09AA93682A6BEA26005896DB /* StorageService.framework in Frameworks */,
				096179682A8CC91C002F106E /* iOSIntPackage in Frameworks */,
			);
			runOnlyForDeploymentPostprocessing = 0;
		};
/* End PBXFrameworksBuildPhase section */

/* Begin PBXGroup section */
		095BF86D2A8F837A00CBD6B1 /* MVVM */ = {
			isa = PBXGroup;
			children = (
				095BF8702A8F846500CBD6B1 /* Model */,
				095BF87F2A920AFD00CBD6B1 /* View(View + ViewController) */,
				095BF8802A920B1C00CBD6B1 /* ViewModel */,
			);
			path = MVVM;
			sourceTree = "<group>";
		};
		095BF8702A8F846500CBD6B1 /* Model */ = {
			isa = PBXGroup;
			children = (
				09C2B77A2A8DF92500120A82 /* FeedModel.swift */,
			);
			path = Model;
			sourceTree = "<group>";
		};
		095BF8752A908F7300CBD6B1 /* Custom UI-elements */ = {
			isa = PBXGroup;
			children = (
				095BF8732A908B1A00CBD6B1 /* CustomTextField.swift */,
				096179692A8DDF8A002F106E /* CustomButton.swift */,
				09B361C02A336E8B005979C8 /* LaunchScreen.storyboard */,
			);
			path = "Custom UI-elements";
			sourceTree = "<group>";
		};
		095BF87F2A920AFD00CBD6B1 /* View(View + ViewController) */ = {
			isa = PBXGroup;
			children = (
				09B361C92A337411005979C8 /* FeedViewController.swift */,
				095BF8812A920BC500CBD6B1 /* FeedView.swift */,
			);
			path = "View(View + ViewController)";
			sourceTree = "<group>";
		};
		095BF8802A920B1C00CBD6B1 /* ViewModel */ = {
			isa = PBXGroup;
			children = (
				095BF86E2A8F83BA00CBD6B1 /* FeedViewModel.swift */,
			);
			path = ViewModel;
			sourceTree = "<group>";
		};
		09789B542A557B5200B98821 /* Controllers */ = {
			isa = PBXGroup;
			children = (
				09E677412A45EF8000A36ED1 /* LogInViewController.swift */,
				09B361CC2A337445005979C8 /* ProfileViewController.swift */,
				09D6C0792A530145003C6DFB /* PhotosViewController.swift */,
			);
			path = Controllers;
			sourceTree = "<group>";
		};
		09789B552A557B6D00B98821 /* Views */ = {
			isa = PBXGroup;
			children = (
				09E98EB12A3852D000DE6940 /* ProfileTableHeaderView.swift */,
			);
			path = Views;
			sourceTree = "<group>";
		};
		09789B562A557B9300B98821 /* Detail */ = {
			isa = PBXGroup;
			children = (
				09B361CE2A341C7A005979C8 /* PostViewController.swift */,
				09B361D22A3433D2005979C8 /* InfoViewController.swift */,
			);
			path = Detail;
			sourceTree = "<group>";
		};
		09AA93542A6BEA25005896DB /* StorageService */ = {
			isa = PBXGroup;
			children = (
				09B361D02A342982005979C8 /* Post.swift */,
				09AA93552A6BEA25005896DB /* StorageService.h */,
				09AA93562A6BEA25005896DB /* StorageService.docc */,
			);
			path = StorageService;
			sourceTree = SOURCE_ROOT;
		};
		09AA93622A6BEA26005896DB /* StorageServiceTests */ = {
			isa = PBXGroup;
			children = (
				09AA93632A6BEA26005896DB /* StorageServiceTests.swift */,
			);
			path = StorageServiceTests;
			sourceTree = "<group>";
		};
		09B361A92A336E8A005979C8 = {
			isa = PBXGroup;
			children = (
				09B361B42A336E8A005979C8 /* Navigation */,
				09AA93542A6BEA25005896DB /* StorageService */,
				09AA93622A6BEA26005896DB /* StorageServiceTests */,
				09B361B32A336E8A005979C8 /* Products */,
			);
			sourceTree = "<group>";
		};
		09B361B32A336E8A005979C8 /* Products */ = {
			isa = PBXGroup;
			children = (
				09B361B22A336E8A005979C8 /* Navigation.app */,
				09AA93532A6BEA25005896DB /* StorageService.framework */,
				09AA935C2A6BEA25005896DB /* StorageServiceTests.xctest */,
			);
			name = Products;
			sourceTree = "<group>";
		};
		09B361B42A336E8A005979C8 /* Navigation */ = {
			isa = PBXGroup;
			children = (
				09D6C06B2A51D4E1003C6DFB /* AppDelegate */,
				09D6C06C2A51D53F003C6DFB /* Modules */,
				09D6C06F2A51D63B003C6DFB /* Common */,
				095BF8752A908F7300CBD6B1 /* Custom UI-elements */,
				09B361BE2A336E8B005979C8 /* Assets.xcassets */,
				09B361C32A336E8B005979C8 /* Info.plist */,
			);
			path = Navigation;
			sourceTree = "<group>";
		};
		09D6C06B2A51D4E1003C6DFB /* AppDelegate */ = {
			isa = PBXGroup;
			children = (
				09B361B52A336E8A005979C8 /* AppDelegate.swift */,
				09B361B72A336E8A005979C8 /* SceneDelegate.swift */,
			);
			path = AppDelegate;
			sourceTree = "<group>";
		};
		09D6C06C2A51D53F003C6DFB /* Modules */ = {
			isa = PBXGroup;
			children = (
				09E98EB02A3852A200DE6940 /* Profile */,
				09D6C06D2A51D54C003C6DFB /* Feed */,
			);
			path = Modules;
			sourceTree = "<group>";
		};
		09D6C06D2A51D54C003C6DFB /* Feed */ = {
			isa = PBXGroup;
			children = (
				095BF86D2A8F837A00CBD6B1 /* MVVM */,
				09789B562A557B9300B98821 /* Detail */,
			);
			path = Feed;
			sourceTree = "<group>";
		};
		09D6C06E2A51D5FC003C6DFB /* Cells */ = {
			isa = PBXGroup;
			children = (
				09E6774B2A499AD400A36ED1 /* PostTableViewCell.swift */,
				09D6C0702A51E103003C6DFB /* PhotosTableViewCell.swift */,
				09D6C0722A52A153003C6DFB /* FirstFourPhotosCell.swift */,
				09D6C07B2A5303F7003C6DFB /* PhotosCollectionViewCell.swift */,
			);
			path = Cells;
			sourceTree = "<group>";
		};
		09D6C06F2A51D63B003C6DFB /* Common */ = {
			isa = PBXGroup;
			children = (
				09AA931A2A6BE8A1005896DB /* News.swift */,
				09D6C0632A4C854A003C6DFB /* PhotoGallery.swift */,
				09D6C0772A52CA17003C6DFB /* Reusable.swift */,
				09F4026F2A7C8F4F009DCD7F /* User.swift */,
				09F402712A7CBC3A009DCD7F /* TestUser.swift */,
				090DA49B2A8211C500BF7338 /* Checker.swift */,
				090DA49D2A821DE300BF7338 /* LoginInspector.swift */,
				090DA49F2A822F5B00BF7338 /* LoginFactory.swift */,
			);
			path = Common;
			sourceTree = "<group>";
		};
		09E98EB02A3852A200DE6940 /* Profile */ = {
			isa = PBXGroup;
			children = (
				09789B542A557B5200B98821 /* Controllers */,
				09789B552A557B6D00B98821 /* Views */,
				09D6C06E2A51D5FC003C6DFB /* Cells */,
			);
			path = Profile;
			sourceTree = "<group>";
		};
/* End PBXGroup section */

/* Begin PBXHeadersBuildPhase section */
		09AA934E2A6BEA25005896DB /* Headers */ = {
			isa = PBXHeadersBuildPhase;
			buildActionMask = 2147483647;
			files = (
				09AA93652A6BEA26005896DB /* StorageService.h in Headers */,
			);
			runOnlyForDeploymentPostprocessing = 0;
		};
/* End PBXHeadersBuildPhase section */

/* Begin PBXNativeTarget section */
		09AA93522A6BEA25005896DB /* StorageService */ = {
			isa = PBXNativeTarget;
			buildConfigurationList = 09AA936A2A6BEA26005896DB /* Build configuration list for PBXNativeTarget "StorageService" */;
			buildPhases = (
				09AA934E2A6BEA25005896DB /* Headers */,
				09AA934F2A6BEA25005896DB /* Sources */,
				09AA93502A6BEA25005896DB /* Frameworks */,
				09AA93512A6BEA25005896DB /* Resources */,
			);
			buildRules = (
			);
			dependencies = (
			);
			name = StorageService;
			productName = StorageService;
			productReference = 09AA93532A6BEA25005896DB /* StorageService.framework */;
			productType = "com.apple.product-type.framework";
		};
		09AA935B2A6BEA25005896DB /* StorageServiceTests */ = {
			isa = PBXNativeTarget;
			buildConfigurationList = 09AA936D2A6BEA26005896DB /* Build configuration list for PBXNativeTarget "StorageServiceTests" */;
			buildPhases = (
				09AA93582A6BEA25005896DB /* Sources */,
				09AA93592A6BEA25005896DB /* Frameworks */,
				09AA935A2A6BEA25005896DB /* Resources */,
			);
			buildRules = (
			);
			dependencies = (
				09AA935F2A6BEA25005896DB /* PBXTargetDependency */,
				09AA93612A6BEA26005896DB /* PBXTargetDependency */,
			);
			name = StorageServiceTests;
			productName = StorageServiceTests;
			productReference = 09AA935C2A6BEA25005896DB /* StorageServiceTests.xctest */;
			productType = "com.apple.product-type.bundle.unit-test";
		};
		09B361B12A336E8A005979C8 /* Navigation */ = {
			isa = PBXNativeTarget;
			buildConfigurationList = 09B361C62A336E8B005979C8 /* Build configuration list for PBXNativeTarget "Navigation" */;
			buildPhases = (
				09B361AE2A336E8A005979C8 /* Sources */,
				09B361AF2A336E8A005979C8 /* Frameworks */,
				09B361B02A336E8A005979C8 /* Resources */,
				09AA93112A6BE7E9005896DB /* Embed Frameworks */,
			);
			buildRules = (
			);
			dependencies = (
				09AA93672A6BEA26005896DB /* PBXTargetDependency */,
			);
			name = Navigation;
			packageProductDependencies = (
				096179672A8CC91C002F106E /* iOSIntPackage */,
			);
			productName = Navigation;
			productReference = 09B361B22A336E8A005979C8 /* Navigation.app */;
			productType = "com.apple.product-type.application";
		};
/* End PBXNativeTarget section */

/* Begin PBXProject section */
		09B361AA2A336E8A005979C8 /* Project object */ = {
			isa = PBXProject;
			attributes = {
				BuildIndependentTargetsInParallel = 1;
				LastSwiftUpdateCheck = 1430;
				LastUpgradeCheck = 1430;
				TargetAttributes = {
					09AA93522A6BEA25005896DB = {
						CreatedOnToolsVersion = 14.3.1;
					};
					09AA935B2A6BEA25005896DB = {
						CreatedOnToolsVersion = 14.3.1;
						TestTargetID = 09B361B12A336E8A005979C8;
					};
					09B361B12A336E8A005979C8 = {
						CreatedOnToolsVersion = 14.3.1;
					};
				};
			};
			buildConfigurationList = 09B361AD2A336E8A005979C8 /* Build configuration list for PBXProject "Navigation" */;
			compatibilityVersion = "Xcode 14.0";
			developmentRegion = en;
			hasScannedForEncodings = 0;
			knownRegions = (
				en,
				Base,
			);
			mainGroup = 09B361A92A336E8A005979C8;
			packageReferences = (
				096179662A8CC91C002F106E /* XCRemoteSwiftPackageReference "iOSIntPackage" */,
			);
			productRefGroup = 09B361B32A336E8A005979C8 /* Products */;
			projectDirPath = "";
			projectRoot = "";
			targets = (
				09B361B12A336E8A005979C8 /* Navigation */,
				09AA93522A6BEA25005896DB /* StorageService */,
				09AA935B2A6BEA25005896DB /* StorageServiceTests */,
			);
		};
/* End PBXProject section */

/* Begin PBXResourcesBuildPhase section */
		09AA93512A6BEA25005896DB /* Resources */ = {
			isa = PBXResourcesBuildPhase;
			buildActionMask = 2147483647;
			files = (
			);
			runOnlyForDeploymentPostprocessing = 0;
		};
		09AA935A2A6BEA25005896DB /* Resources */ = {
			isa = PBXResourcesBuildPhase;
			buildActionMask = 2147483647;
			files = (
			);
			runOnlyForDeploymentPostprocessing = 0;
		};
		09B361B02A336E8A005979C8 /* Resources */ = {
			isa = PBXResourcesBuildPhase;
			buildActionMask = 2147483647;
			files = (
				09B361C22A336E8B005979C8 /* LaunchScreen.storyboard in Resources */,
				09B361BF2A336E8B005979C8 /* Assets.xcassets in Resources */,
			);
			runOnlyForDeploymentPostprocessing = 0;
		};
/* End PBXResourcesBuildPhase section */

/* Begin PBXSourcesBuildPhase section */
		09AA934F2A6BEA25005896DB /* Sources */ = {
			isa = PBXSourcesBuildPhase;
			buildActionMask = 2147483647;
			files = (
				09AA93572A6BEA25005896DB /* StorageService.docc in Sources */,
				09AA93702A6BEA37005896DB /* Post.swift in Sources */,
			);
			runOnlyForDeploymentPostprocessing = 0;
		};
		09AA93582A6BEA25005896DB /* Sources */ = {
			isa = PBXSourcesBuildPhase;
			buildActionMask = 2147483647;
			files = (
				09AA93642A6BEA26005896DB /* StorageServiceTests.swift in Sources */,
			);
			runOnlyForDeploymentPostprocessing = 0;
		};
		09B361AE2A336E8A005979C8 /* Sources */ = {
			isa = PBXSourcesBuildPhase;
			buildActionMask = 2147483647;
			files = (
				095BF8742A908B1A00CBD6B1 /* CustomTextField.swift in Sources */,
				095BF86F2A8F83BA00CBD6B1 /* FeedViewModel.swift in Sources */,
				09D6C0782A52CA17003C6DFB /* Reusable.swift in Sources */,
				09B361B62A336E8A005979C8 /* AppDelegate.swift in Sources */,
				09B361CA2A337411005979C8 /* FeedViewController.swift in Sources */,
				09E6774C2A499AD400A36ED1 /* PostTableViewCell.swift in Sources */,
				09D6C0642A4C854A003C6DFB /* PhotoGallery.swift in Sources */,
				09E677422A45EF8000A36ED1 /* LogInViewController.swift in Sources */,
				09AA931B2A6BE8A1005896DB /* News.swift in Sources */,
				09B361CD2A337445005979C8 /* ProfileViewController.swift in Sources */,
				095BF8822A920BC500CBD6B1 /* FeedView.swift in Sources */,
				09F402722A7CBC3A009DCD7F /* TestUser.swift in Sources */,
				09B361D32A3433D2005979C8 /* InfoViewController.swift in Sources */,
				09E98EB22A3852D000DE6940 /* ProfileTableHeaderView.swift in Sources */,
				09D6C07A2A530145003C6DFB /* PhotosViewController.swift in Sources */,
				09D6C0712A51E103003C6DFB /* PhotosTableViewCell.swift in Sources */,
				09B361B82A336E8A005979C8 /* SceneDelegate.swift in Sources */,
				09D6C0732A52A153003C6DFB /* FirstFourPhotosCell.swift in Sources */,
				090DA4A02A822F5B00BF7338 /* LoginFactory.swift in Sources */,
				09C2B77B2A8DF92500120A82 /* FeedModel.swift in Sources */,
				090DA49E2A821DE300BF7338 /* LoginInspector.swift in Sources */,
				09D6C07C2A5303F7003C6DFB /* PhotosCollectionViewCell.swift in Sources */,
				0961796A2A8DDF8A002F106E /* CustomButton.swift in Sources */,
				09B361CF2A341C7A005979C8 /* PostViewController.swift in Sources */,
				090DA49C2A8211C500BF7338 /* Checker.swift in Sources */,
				09F402702A7C8F4F009DCD7F /* User.swift in Sources */,
			);
			runOnlyForDeploymentPostprocessing = 0;
		};
/* End PBXSourcesBuildPhase section */

/* Begin PBXTargetDependency section */
		09AA935F2A6BEA25005896DB /* PBXTargetDependency */ = {
			isa = PBXTargetDependency;
			target = 09AA93522A6BEA25005896DB /* StorageService */;
			targetProxy = 09AA935E2A6BEA25005896DB /* PBXContainerItemProxy */;
		};
		09AA93612A6BEA26005896DB /* PBXTargetDependency */ = {
			isa = PBXTargetDependency;
			target = 09B361B12A336E8A005979C8 /* Navigation */;
			targetProxy = 09AA93602A6BEA26005896DB /* PBXContainerItemProxy */;
		};
		09AA93672A6BEA26005896DB /* PBXTargetDependency */ = {
			isa = PBXTargetDependency;
			target = 09AA93522A6BEA25005896DB /* StorageService */;
			targetProxy = 09AA93662A6BEA26005896DB /* PBXContainerItemProxy */;
		};
/* End PBXTargetDependency section */

/* Begin PBXVariantGroup section */
		09B361C02A336E8B005979C8 /* LaunchScreen.storyboard */ = {
			isa = PBXVariantGroup;
			children = (
				09B361C12A336E8B005979C8 /* Base */,
			);
			name = LaunchScreen.storyboard;
			sourceTree = "<group>";
		};
/* End PBXVariantGroup section */

/* Begin XCBuildConfiguration section */
		09AA936B2A6BEA26005896DB /* Debug */ = {
			isa = XCBuildConfiguration;
			buildSettings = {
				CODE_SIGN_STYLE = Automatic;
				CURRENT_PROJECT_VERSION = 1;
				DEFINES_MODULE = YES;
				DYLIB_COMPATIBILITY_VERSION = 1;
				DYLIB_CURRENT_VERSION = 1;
				DYLIB_INSTALL_NAME_BASE = "@rpath";
				ENABLE_MODULE_VERIFIER = YES;
				GENERATE_INFOPLIST_FILE = YES;
				INFOPLIST_KEY_NSHumanReadableCopyright = "";
				INSTALL_PATH = "$(LOCAL_LIBRARY_DIR)/Frameworks";
				LD_RUNPATH_SEARCH_PATHS = (
					"$(inherited)",
					"@executable_path/Frameworks",
					"@loader_path/Frameworks",
				);
				MARKETING_VERSION = 1.0;
				MODULE_VERIFIER_SUPPORTED_LANGUAGES = "objective-c objective-c++";
				MODULE_VERIFIER_SUPPORTED_LANGUAGE_STANDARDS = "gnu11 gnu++20";
				PRODUCT_BUNDLE_IDENTIFIER = com.krostal.StorageService;
				PRODUCT_NAME = "$(TARGET_NAME:c99extidentifier)";
				SKIP_INSTALL = YES;
				SWIFT_EMIT_LOC_STRINGS = YES;
				SWIFT_VERSION = 5.0;
				TARGETED_DEVICE_FAMILY = "1,2";
				VERSIONING_SYSTEM = "apple-generic";
				VERSION_INFO_PREFIX = "";
			};
			name = Debug;
		};
		09AA936C2A6BEA26005896DB /* Release */ = {
			isa = XCBuildConfiguration;
			buildSettings = {
				CODE_SIGN_STYLE = Automatic;
				CURRENT_PROJECT_VERSION = 1;
				DEFINES_MODULE = YES;
				DYLIB_COMPATIBILITY_VERSION = 1;
				DYLIB_CURRENT_VERSION = 1;
				DYLIB_INSTALL_NAME_BASE = "@rpath";
				ENABLE_MODULE_VERIFIER = YES;
				GENERATE_INFOPLIST_FILE = YES;
				INFOPLIST_KEY_NSHumanReadableCopyright = "";
				INSTALL_PATH = "$(LOCAL_LIBRARY_DIR)/Frameworks";
				LD_RUNPATH_SEARCH_PATHS = (
					"$(inherited)",
					"@executable_path/Frameworks",
					"@loader_path/Frameworks",
				);
				MARKETING_VERSION = 1.0;
				MODULE_VERIFIER_SUPPORTED_LANGUAGES = "objective-c objective-c++";
				MODULE_VERIFIER_SUPPORTED_LANGUAGE_STANDARDS = "gnu11 gnu++20";
				PRODUCT_BUNDLE_IDENTIFIER = com.krostal.StorageService;
				PRODUCT_NAME = "$(TARGET_NAME:c99extidentifier)";
				SKIP_INSTALL = YES;
				SWIFT_EMIT_LOC_STRINGS = YES;
				SWIFT_VERSION = 5.0;
				TARGETED_DEVICE_FAMILY = "1,2";
				VERSIONING_SYSTEM = "apple-generic";
				VERSION_INFO_PREFIX = "";
			};
			name = Release;
		};
		09AA936E2A6BEA26005896DB /* Debug */ = {
			isa = XCBuildConfiguration;
			buildSettings = {
				ALWAYS_EMBED_SWIFT_STANDARD_LIBRARIES = YES;
				CODE_SIGN_STYLE = Automatic;
				CURRENT_PROJECT_VERSION = 1;
				DEVELOPMENT_TEAM = F72FD6J9GL;
				GENERATE_INFOPLIST_FILE = YES;
				MARKETING_VERSION = 1.0;
				PRODUCT_BUNDLE_IDENTIFIER = com.krostal.StorageServiceTests;
				PRODUCT_NAME = "$(TARGET_NAME)";
				SWIFT_EMIT_LOC_STRINGS = NO;
				SWIFT_VERSION = 5.0;
				TARGETED_DEVICE_FAMILY = "1,2";
				TEST_HOST = "$(BUILT_PRODUCTS_DIR)/Navigation.app/$(BUNDLE_EXECUTABLE_FOLDER_PATH)/Navigation";
			};
			name = Debug;
		};
		09AA936F2A6BEA26005896DB /* Release */ = {
			isa = XCBuildConfiguration;
			buildSettings = {
				ALWAYS_EMBED_SWIFT_STANDARD_LIBRARIES = YES;
				CODE_SIGN_STYLE = Automatic;
				CURRENT_PROJECT_VERSION = 1;
				DEVELOPMENT_TEAM = F72FD6J9GL;
				GENERATE_INFOPLIST_FILE = YES;
				MARKETING_VERSION = 1.0;
				PRODUCT_BUNDLE_IDENTIFIER = com.krostal.StorageServiceTests;
				PRODUCT_NAME = "$(TARGET_NAME)";
				SWIFT_EMIT_LOC_STRINGS = NO;
				SWIFT_VERSION = 5.0;
				TARGETED_DEVICE_FAMILY = "1,2";
				TEST_HOST = "$(BUILT_PRODUCTS_DIR)/Navigation.app/$(BUNDLE_EXECUTABLE_FOLDER_PATH)/Navigation";
			};
			name = Release;
		};
		09B361C42A336E8B005979C8 /* Debug */ = {
			isa = XCBuildConfiguration;
			buildSettings = {
				ALWAYS_SEARCH_USER_PATHS = NO;
				CLANG_ANALYZER_NONNULL = YES;
				CLANG_ANALYZER_NUMBER_OBJECT_CONVERSION = YES_AGGRESSIVE;
				CLANG_CXX_LANGUAGE_STANDARD = "gnu++20";
				CLANG_ENABLE_MODULES = YES;
				CLANG_ENABLE_OBJC_ARC = YES;
				CLANG_ENABLE_OBJC_WEAK = YES;
				CLANG_WARN_BLOCK_CAPTURE_AUTORELEASING = YES;
				CLANG_WARN_BOOL_CONVERSION = YES;
				CLANG_WARN_COMMA = YES;
				CLANG_WARN_CONSTANT_CONVERSION = YES;
				CLANG_WARN_DEPRECATED_OBJC_IMPLEMENTATIONS = YES;
				CLANG_WARN_DIRECT_OBJC_ISA_USAGE = YES_ERROR;
				CLANG_WARN_DOCUMENTATION_COMMENTS = YES;
				CLANG_WARN_EMPTY_BODY = YES;
				CLANG_WARN_ENUM_CONVERSION = YES;
				CLANG_WARN_INFINITE_RECURSION = YES;
				CLANG_WARN_INT_CONVERSION = YES;
				CLANG_WARN_NON_LITERAL_NULL_CONVERSION = YES;
				CLANG_WARN_OBJC_IMPLICIT_RETAIN_SELF = YES;
				CLANG_WARN_OBJC_LITERAL_CONVERSION = YES;
				CLANG_WARN_OBJC_ROOT_CLASS = YES_ERROR;
				CLANG_WARN_QUOTED_INCLUDE_IN_FRAMEWORK_HEADER = YES;
				CLANG_WARN_RANGE_LOOP_ANALYSIS = YES;
				CLANG_WARN_STRICT_PROTOTYPES = YES;
				CLANG_WARN_SUSPICIOUS_MOVE = YES;
				CLANG_WARN_UNGUARDED_AVAILABILITY = YES_AGGRESSIVE;
				CLANG_WARN_UNREACHABLE_CODE = YES;
				CLANG_WARN__DUPLICATE_METHOD_MATCH = YES;
				COPY_PHASE_STRIP = NO;
				DEBUG_INFORMATION_FORMAT = dwarf;
				ENABLE_STRICT_OBJC_MSGSEND = YES;
				ENABLE_TESTABILITY = YES;
				GCC_C_LANGUAGE_STANDARD = gnu11;
				GCC_DYNAMIC_NO_PIC = NO;
				GCC_NO_COMMON_BLOCKS = YES;
				GCC_OPTIMIZATION_LEVEL = 0;
				GCC_PREPROCESSOR_DEFINITIONS = (
					"DEBUG=1",
					"$(inherited)",
				);
				GCC_WARN_64_TO_32_BIT_CONVERSION = YES;
				GCC_WARN_ABOUT_RETURN_TYPE = YES_ERROR;
				GCC_WARN_UNDECLARED_SELECTOR = YES;
				GCC_WARN_UNINITIALIZED_AUTOS = YES_AGGRESSIVE;
				GCC_WARN_UNUSED_FUNCTION = YES;
				GCC_WARN_UNUSED_VARIABLE = YES;
				IPHONEOS_DEPLOYMENT_TARGET = 16.4;
				MTL_ENABLE_DEBUG_INFO = INCLUDE_SOURCE;
				MTL_FAST_MATH = YES;
				ONLY_ACTIVE_ARCH = YES;
				SDKROOT = iphoneos;
				SWIFT_ACTIVE_COMPILATION_CONDITIONS = DEBUG;
				SWIFT_OPTIMIZATION_LEVEL = "-Onone";
			};
			name = Debug;
		};
		09B361C52A336E8B005979C8 /* Release */ = {
			isa = XCBuildConfiguration;
			buildSettings = {
				ALWAYS_SEARCH_USER_PATHS = NO;
				CLANG_ANALYZER_NONNULL = YES;
				CLANG_ANALYZER_NUMBER_OBJECT_CONVERSION = YES_AGGRESSIVE;
				CLANG_CXX_LANGUAGE_STANDARD = "gnu++20";
				CLANG_ENABLE_MODULES = YES;
				CLANG_ENABLE_OBJC_ARC = YES;
				CLANG_ENABLE_OBJC_WEAK = YES;
				CLANG_WARN_BLOCK_CAPTURE_AUTORELEASING = YES;
				CLANG_WARN_BOOL_CONVERSION = YES;
				CLANG_WARN_COMMA = YES;
				CLANG_WARN_CONSTANT_CONVERSION = YES;
				CLANG_WARN_DEPRECATED_OBJC_IMPLEMENTATIONS = YES;
				CLANG_WARN_DIRECT_OBJC_ISA_USAGE = YES_ERROR;
				CLANG_WARN_DOCUMENTATION_COMMENTS = YES;
				CLANG_WARN_EMPTY_BODY = YES;
				CLANG_WARN_ENUM_CONVERSION = YES;
				CLANG_WARN_INFINITE_RECURSION = YES;
				CLANG_WARN_INT_CONVERSION = YES;
				CLANG_WARN_NON_LITERAL_NULL_CONVERSION = YES;
				CLANG_WARN_OBJC_IMPLICIT_RETAIN_SELF = YES;
				CLANG_WARN_OBJC_LITERAL_CONVERSION = YES;
				CLANG_WARN_OBJC_ROOT_CLASS = YES_ERROR;
				CLANG_WARN_QUOTED_INCLUDE_IN_FRAMEWORK_HEADER = YES;
				CLANG_WARN_RANGE_LOOP_ANALYSIS = YES;
				CLANG_WARN_STRICT_PROTOTYPES = YES;
				CLANG_WARN_SUSPICIOUS_MOVE = YES;
				CLANG_WARN_UNGUARDED_AVAILABILITY = YES_AGGRESSIVE;
				CLANG_WARN_UNREACHABLE_CODE = YES;
				CLANG_WARN__DUPLICATE_METHOD_MATCH = YES;
				COPY_PHASE_STRIP = NO;
				DEBUG_INFORMATION_FORMAT = "dwarf-with-dsym";
				ENABLE_NS_ASSERTIONS = NO;
				ENABLE_STRICT_OBJC_MSGSEND = YES;
				GCC_C_LANGUAGE_STANDARD = gnu11;
				GCC_NO_COMMON_BLOCKS = YES;
				GCC_WARN_64_TO_32_BIT_CONVERSION = YES;
				GCC_WARN_ABOUT_RETURN_TYPE = YES_ERROR;
				GCC_WARN_UNDECLARED_SELECTOR = YES;
				GCC_WARN_UNINITIALIZED_AUTOS = YES_AGGRESSIVE;
				GCC_WARN_UNUSED_FUNCTION = YES;
				GCC_WARN_UNUSED_VARIABLE = YES;
				IPHONEOS_DEPLOYMENT_TARGET = 16.4;
				MTL_ENABLE_DEBUG_INFO = NO;
				MTL_FAST_MATH = YES;
				SDKROOT = iphoneos;
				SWIFT_COMPILATION_MODE = wholemodule;
				SWIFT_OPTIMIZATION_LEVEL = "-O";
				VALIDATE_PRODUCT = YES;
			};
			name = Release;
		};
		09B361C72A336E8B005979C8 /* Debug */ = {
			isa = XCBuildConfiguration;
			buildSettings = {
				ALWAYS_EMBED_SWIFT_STANDARD_LIBRARIES = YES;
				ASSETCATALOG_COMPILER_APPICON_NAME = AppIcon;
				ASSETCATALOG_COMPILER_GLOBAL_ACCENT_COLOR_NAME = AccentColor;
				CODE_SIGN_STYLE = Automatic;
				CURRENT_PROJECT_VERSION = 1;
				GENERATE_INFOPLIST_FILE = YES;
				INFOPLIST_FILE = Navigation/Info.plist;
				INFOPLIST_KEY_UIApplicationSupportsIndirectInputEvents = YES;
				INFOPLIST_KEY_UILaunchStoryboardName = LaunchScreen;
				INFOPLIST_KEY_UIMainStoryboardFile = "";
				INFOPLIST_KEY_UISupportedInterfaceOrientations_iPad = "UIInterfaceOrientationPortrait UIInterfaceOrientationPortraitUpsideDown UIInterfaceOrientationLandscapeLeft UIInterfaceOrientationLandscapeRight";
				INFOPLIST_KEY_UISupportedInterfaceOrientations_iPhone = "UIInterfaceOrientationPortrait UIInterfaceOrientationLandscapeLeft UIInterfaceOrientationLandscapeRight";
				LD_RUNPATH_SEARCH_PATHS = (
					"$(inherited)",
					"@executable_path/Frameworks",
				);
				MARKETING_VERSION = 1.0;
				PRODUCT_BUNDLE_IDENTIFIER = com.tarasov.Navigation;
				PRODUCT_NAME = "$(TARGET_NAME)";
				SWIFT_EMIT_LOC_STRINGS = YES;
				SWIFT_VERSION = 5.0;
				TARGETED_DEVICE_FAMILY = "1,2";
			};
			name = Debug;
		};
		09B361C82A336E8B005979C8 /* Release */ = {
			isa = XCBuildConfiguration;
			buildSettings = {
				ALWAYS_EMBED_SWIFT_STANDARD_LIBRARIES = YES;
				ASSETCATALOG_COMPILER_APPICON_NAME = AppIcon;
				ASSETCATALOG_COMPILER_GLOBAL_ACCENT_COLOR_NAME = AccentColor;
				CODE_SIGN_STYLE = Automatic;
				CURRENT_PROJECT_VERSION = 1;
				GENERATE_INFOPLIST_FILE = YES;
				INFOPLIST_FILE = Navigation/Info.plist;
				INFOPLIST_KEY_UIApplicationSupportsIndirectInputEvents = YES;
				INFOPLIST_KEY_UILaunchStoryboardName = LaunchScreen;
				INFOPLIST_KEY_UIMainStoryboardFile = "";
				INFOPLIST_KEY_UISupportedInterfaceOrientations_iPad = "UIInterfaceOrientationPortrait UIInterfaceOrientationPortraitUpsideDown UIInterfaceOrientationLandscapeLeft UIInterfaceOrientationLandscapeRight";
				INFOPLIST_KEY_UISupportedInterfaceOrientations_iPhone = "UIInterfaceOrientationPortrait UIInterfaceOrientationLandscapeLeft UIInterfaceOrientationLandscapeRight";
				LD_RUNPATH_SEARCH_PATHS = (
					"$(inherited)",
					"@executable_path/Frameworks",
				);
				MARKETING_VERSION = 1.0;
				PRODUCT_BUNDLE_IDENTIFIER = com.tarasov.Navigation;
				PRODUCT_NAME = "$(TARGET_NAME)";
				SWIFT_EMIT_LOC_STRINGS = YES;
				SWIFT_VERSION = 5.0;
				TARGETED_DEVICE_FAMILY = "1,2";
			};
			name = Release;
		};
/* End XCBuildConfiguration section */

/* Begin XCConfigurationList section */
		09AA936A2A6BEA26005896DB /* Build configuration list for PBXNativeTarget "StorageService" */ = {
			isa = XCConfigurationList;
			buildConfigurations = (
				09AA936B2A6BEA26005896DB /* Debug */,
				09AA936C2A6BEA26005896DB /* Release */,
			);
			defaultConfigurationIsVisible = 0;
			defaultConfigurationName = Release;
		};
		09AA936D2A6BEA26005896DB /* Build configuration list for PBXNativeTarget "StorageServiceTests" */ = {
			isa = XCConfigurationList;
			buildConfigurations = (
				09AA936E2A6BEA26005896DB /* Debug */,
				09AA936F2A6BEA26005896DB /* Release */,
			);
			defaultConfigurationIsVisible = 0;
			defaultConfigurationName = Release;
		};
		09B361AD2A336E8A005979C8 /* Build configuration list for PBXProject "Navigation" */ = {
			isa = XCConfigurationList;
			buildConfigurations = (
				09B361C42A336E8B005979C8 /* Debug */,
				09B361C52A336E8B005979C8 /* Release */,
			);
			defaultConfigurationIsVisible = 0;
			defaultConfigurationName = Release;
		};
		09B361C62A336E8B005979C8 /* Build configuration list for PBXNativeTarget "Navigation" */ = {
			isa = XCConfigurationList;
			buildConfigurations = (
				09B361C72A336E8B005979C8 /* Debug */,
				09B361C82A336E8B005979C8 /* Release */,
			);
			defaultConfigurationIsVisible = 0;
			defaultConfigurationName = Release;
		};
/* End XCConfigurationList section */

/* Begin XCRemoteSwiftPackageReference section */
		096179662A8CC91C002F106E /* XCRemoteSwiftPackageReference "iOSIntPackage" */ = {
			isa = XCRemoteSwiftPackageReference;
			repositoryURL = "https://github.com/TrueMax/iOSIntPackage";
			requirement = {
				branch = imagepublisher;
				kind = branch;
			};
		};
/* End XCRemoteSwiftPackageReference section */

/* Begin XCSwiftPackageProductDependency section */
		096179672A8CC91C002F106E /* iOSIntPackage */ = {
			isa = XCSwiftPackageProductDependency;
			package = 096179662A8CC91C002F106E /* XCRemoteSwiftPackageReference "iOSIntPackage" */;
			productName = iOSIntPackage;
		};
/* End XCSwiftPackageProductDependency section */
	};
	rootObject = 09B361AA2A336E8A005979C8 /* Project object */;
}
